# This file is autogenerated, do not edit; changes may be undone by the next 'dep ensure'.


[[projects]]
  digest = "1:705c40022f5c03bf96ffeb6477858d88565064485a513abcd0f11a0911546cb6"
  name = "github.com/blang/semver"
  packages = ["."]
  pruneopts = "UT"
  revision = "2ee87856327ba09384cabd113bc6b5d174e9ec0f"
  version = "v3.5.1"

[[projects]]
  digest = "1:abeb38ade3f32a92943e5be54f55ed6d6e3b6602761d74b4aab4c9dd45c18abd"
  name = "github.com/fsnotify/fsnotify"
  packages = ["."]
  pruneopts = "UT"
  revision = "c2828203cd70a50dcccfb2761f8b1f8ceef9a8e9"
  version = "v1.4.7"

[[projects]]
  digest = "1:97df918963298c287643883209a2c3f642e6593379f97ab400c2a2e219ab647d"
  name = "github.com/golang/protobuf"
  packages = ["proto"]
  pruneopts = "UT"
  revision = "aa810b61a9c79d51363740d207bb46cf8e620ed5"
  version = "v1.2.0"

[[projects]]
  digest = "1:34bd52916ea0a9e4d95d34dab5bc4f125a7ee7b1e11b1a531d2ea43f41b4f4e8"
  name = "github.com/google/go-github"
  packages = ["github"]
  pruneopts = "UT"
  revision = "35781f7f4db7b3d7fc3359527472838da65023c6"
  version = "v19.1.0"

[[projects]]
  digest = "1:a63cff6b5d8b95638bfe300385d93b2a6d9d687734b863da8e09dc834510a690"
  name = "github.com/google/go-querystring"
  packages = ["query"]
  pruneopts = "UT"
  revision = "44c6ddd0a2342c386950e880b658017258da92fc"
  version = "v1.0.0"

[[projects]]
  digest = "1:0c6aceca32885ed17808af2ad3a85f2cf18aca1a49b25de4a1d54f03913128c0"
  name = "github.com/hashicorp/hcl"
  packages = [
    ".",
    "hcl/ast",
    "hcl/parser",
    "hcl/printer",
    "hcl/scanner",
    "hcl/strconv",
    "hcl/token",
    "json/parser",
    "json/scanner",
    "json/token",
  ]
  pruneopts = "UT"
  revision = "8cb6e5b959231cc1119e43259c4a608f9c51a241"
  version = "v1.0.0"

[[projects]]
  branch = "master"
  digest = "1:ccf31802dd26d5c326b8bf6d3f85042b3522bad937c71a81a28cd40db510d469"
  name = "github.com/inconshreveable/go-update"
  packages = [
    ".",
    "internal/binarydist",
    "internal/osext",
  ]
  pruneopts = "UT"
  revision = "8152e7eb6ccf8679a64582a66b78519688d156ad"

[[projects]]
  digest = "1:870d441fe217b8e689d7949fef6e43efbc787e50f200cb1e70dbca9204a1d6be"
  name = "github.com/inconshreveable/mousetrap"
  packages = ["."]
  pruneopts = "UT"
  revision = "76626ae9c91c4f2a10f34cad8ce83ea42c93bb75"
  version = "v1.0"

[[projects]]
  digest = "1:c568d7727aa262c32bdf8a3f7db83614f7af0ed661474b24588de635c20024c7"
  name = "github.com/magiconair/properties"
  packages = ["."]
  pruneopts = "UT"
  revision = "c2353362d570a7bfa228149c62842019201cfb71"
  version = "v1.8.0"

[[projects]]
  digest = "1:78bbb1ba5b7c3f2ed0ea1eab57bdd3859aec7e177811563edc41198a760b06af"
  name = "github.com/mitchellh/go-homedir"
  packages = ["."]
  pruneopts = "UT"
  revision = "ae18d6b8b3205b561c79e8e5f69bff09736185f4"
  version = "v1.0.0"

[[projects]]
  digest = "1:53bc4cd4914cd7cd52139990d5170d6dc99067ae31c56530621b18b35fc30318"
  name = "github.com/mitchellh/mapstructure"
  packages = ["."]
  pruneopts = "UT"
  revision = "3536a929edddb9a5b34bd6861dc4a9647cb459fe"
  version = "v1.1.2"

[[projects]]
  digest = "1:95741de3af260a92cc5c7f3f3061e85273f5a81b5db20d4bd68da74bd521675e"
  name = "github.com/pelletier/go-toml"
  packages = ["."]
  pruneopts = "UT"
  revision = "c01d1270ff3e442a8a57cddc1c92dc1138598194"
  version = "v1.2.0"

[[projects]]
  digest = "1:40e195917a951a8bf867cd05de2a46aaf1806c50cf92eebf4c16f78cd196f747"
  name = "github.com/pkg/errors"
  packages = ["."]
  pruneopts = "UT"
  revision = "645ef00459ed84a119197bfb8d8205042c6df63d"
  version = "v0.8.0"

[[projects]]
  digest = "1:01bb0a58b86f4f816be2bcf0ae68dffd042b2d1c356b97b14dc1cd12a53fc731"
  name = "github.com/rhysd/go-github-selfupdate"
  packages = ["selfupdate"]
  pruneopts = "UT"
  revision = "472a014a457bf6983bd5b28bdc4e7d14f352f187"
  version = "v1.1.0"

[[projects]]
  digest = "1:7f665ff60a4c8efd5a5c053bf862020cf9f7cd56c3f70dd140f45cd66fb08a8d"
  name = "github.com/spf13/afero"
  packages = [
    ".",
    "mem",
  ]
  pruneopts = "UT"
  revision = "d40851caa0d747393da1ffb28f7f9d8b4eeffebd"
  version = "v1.1.2"

[[projects]]
  digest = "1:08d65904057412fc0270fc4812a1c90c594186819243160dc779a402d4b6d0bc"
  name = "github.com/spf13/cast"
  packages = ["."]
  pruneopts = "UT"
  revision = "8c9545af88b134710ab1cd196795e7f2388358d7"
  version = "v1.3.0"

[[projects]]
  digest = "1:872fa275c31e1f9db31d66fa9b1d4a7bb9a080ff184e6977da01f36bfbe07f11"
  name = "github.com/spf13/cobra"
  packages = ["."]
  pruneopts = "UT"
  revision = "ef82de70bb3f60c65fb8eebacbb2d122ef517385"
  version = "v0.0.3"

[[projects]]
  digest = "1:68ea4e23713989dc20b1bded5d9da2c5f9be14ff9885beef481848edd18c26cb"
  name = "github.com/spf13/jwalterweatherman"
  packages = ["."]
  pruneopts = "UT"
  revision = "4a4406e478ca629068e7768fc33f3f044173c0a6"
  version = "v1.0.0"

[[projects]]
  digest = "1:c1b1102241e7f645bc8e0c22ae352e8f0dc6484b6cb4d132fa9f24174e0119e2"
  name = "github.com/spf13/pflag"
  packages = ["."]
  pruneopts = "UT"
  revision = "298182f68c66c05229eb03ac171abe6e309ee79a"
  version = "v1.0.3"

[[projects]]
  digest = "1:de37e343c64582d7026bf8ab6ac5b22a72eac54f3a57020db31524affed9f423"
  name = "github.com/spf13/viper"
  packages = ["."]
  pruneopts = "UT"
  revision = "6d33b5a963d922d182c91e8a1c88d81fd150cfd4"
  version = "v1.3.1"

[[projects]]
  digest = "1:ebabd8967efa341b15e51b329eb5b7ebc69b573fb4adb4ac2433fa532edcadbc"
  name = "github.com/tcnksm/go-gitconfig"
  packages = ["."]
  pruneopts = "UT"
  revision = "d154598bacbf4501c095a309753c5d4af66caa81"
  version = "v0.1.2"

[[projects]]
  digest = "1:7bc202007a2688d01008eeeeffc8d46efd3cca5f78e46009b1602739bda45831"
  name = "github.com/ulikunitz/xz"
  packages = [
    ".",
    "internal/hash",
    "internal/xlog",
    "lzma",
  ]
  pruneopts = "UT"
  revision = "590df8077fbcb06ad62d7714da06c00e5dd2316d"
  version = "v0.5.5"

[[projects]]
  branch = "master"
  digest = "1:6ba830fdc4a5b1ae63e85824aaba908281f4331b99c5df6f8ee31f5fa4f700d5"
  name = "golang.org/x/net"
  packages = [
    "context",
    "context/ctxhttp",
  ]
  pruneopts = "UT"
  revision = "610586996380ceef02dd726cc09df7e00a3f8e56"

[[projects]]
  branch = "master"
  digest = "1:f3cf519620919996b51963c442e9a52572e1d9b03feb62ed93bcbafc306ae14a"
  name = "golang.org/x/oauth2"
  packages = [
    ".",
    "internal",
  ]
  pruneopts = "UT"
  revision = "d668ce993890a79bda886613ee587a69dd5da7a6"

[[projects]]
  branch = "master"
  digest = "1:9399de11945e643d7131cf070736122b76800d92d57a80494bd9a4e73e6979f3"
  name = "golang.org/x/sys"
  packages = ["unix"]
  pruneopts = "UT"
  revision = "70b957f3b65e069b4930ea94e2721eefa0f8f695"

[[projects]]
  digest = "1:038003d098ffc345c4c5c6d47bcc6920b2649ee0c0d557162e54e75c76cadf8b"
  name = "golang.org/x/text"
  packages = [
    "internal/gen",
    "internal/triegen",
    "internal/ucd",
    "transform",
    "unicode/cldr",
    "unicode/norm",
  ]
  pruneopts = "UT"
  revision = "f21a4dfb5e38f5895301dc265a8def02365cc3d0"
  version = "v0.3.0"

[[projects]]
  digest = "1:1fbc9db22323d45351198fe2207684af350de1626e436332c950aa3e097f161c"
  name = "google.golang.org/appengine"
  packages = [
    "internal",
    "internal/base",
    "internal/datastore",
    "internal/log",
    "internal/remote_api",
    "internal/urlfetch",
    "urlfetch",
  ]
  pruneopts = "UT"
  revision = "4a4468ece617fc8205e99368fa2200e9d1fad421"
  version = "v1.3.0"

[[projects]]
  digest = "1:4d2e5a73dc1500038e504a8d78b986630e3626dc027bc030ba5c75da257cdb96"
  name = "gopkg.in/yaml.v2"
  packages = ["."]
  pruneopts = "UT"
  revision = "51d6538a90f86fe93ac480b35f37b2be17fef232"
  version = "v2.2.2"

[solve-meta]
  analyzer-name = "dep"
  analyzer-version = 1
  input-imports = [
    "github.com/blang/semver",
    "github.com/mitchellh/go-homedir",
    "github.com/pkg/errors",
    "github.com/rhysd/go-github-selfupdate/selfupdate",
    "github.com/spf13/cobra",
    "github.com/spf13/viper",
  ]
  solver-name = "gps-cdcl"
  solver-version = 1
